
Microsoft Visual Studio Solution File, Format Version 12.00
# Visual Studio Version 16
VisualStudioVersion = 25.0.1700.0
MinimumVisualStudioVersion = 10.0.40219.1
Project("{FAE04EC0-301F-11D3-BF4B-00C04F79EFBC}") = "martin-resume-api", "martin-resume-api\martin-resume-api.csproj", "{3037C828-6FED-483D-B4D5-9166ECC07B96}"
EndProject
Global
	GlobalSection(SolutionConfigurationPlatforms) = preSolution
		Debug|Any CPU = Debug|Any CPU
		Release|Any CPU = Release|Any CPU
	EndGlobalSection
	GlobalSection(ProjectConfigurationPlatforms) = postSolution
		{3037C828-6FED-483D-B4D5-9166ECC07B96}.Debug|Any CPU.ActiveCfg = Debug|Any CPU
		{3037C828-6FED-483D-B4D5-9166ECC07B96}.Debug|Any CPU.Build.0 = Debug|Any CPU
		{3037C828-6FED-483D-B4D5-9166ECC07B96}.Release|Any CPU.ActiveCfg = Release|Any CPU
		{3037C828-6FED-483D-B4D5-9166ECC07B96}.Release|Any CPU.Build.0 = Release|Any CPU
	EndGlobalSection
	GlobalSection(SolutionProperties) = preSolution
		HideSolutionNode = FALSE
	EndGlobalSection
	GlobalSection(ExtensibilityGlobals) = postSolution
		SolutionGuid = {077BCA65-01F5-471B-A7D8-BB9F031A6585}
	EndGlobalSection
EndGlobal
