
Microsoft Visual Studio Solution File, Format Version 12.00
# Visual Studio Version 16
VisualStudioVersion = 25.0.1700.0
MinimumVisualStudioVersion = 10.0.40219.1
Project("{FAE04EC0-301F-11D3-BF4B-00C04F79EFBC}") = "ResumeApi", "ResumeApi\ResumeApi.csproj", "{F33DF23D-7E59-4C6B-BA15-4B28F9FCD60E}"
EndProject
Global
	GlobalSection(SolutionConfigurationPlatforms) = preSolution
		Debug|Any CPU = Debug|Any CPU
		Release|Any CPU = Release|Any CPU
	EndGlobalSection
	GlobalSection(ProjectConfigurationPlatforms) = postSolution
		{F33DF23D-7E59-4C6B-BA15-4B28F9FCD60E}.Debug|Any CPU.ActiveCfg = Debug|Any CPU
		{F33DF23D-7E59-4C6B-BA15-4B28F9FCD60E}.Debug|Any CPU.Build.0 = Debug|Any CPU
		{F33DF23D-7E59-4C6B-BA15-4B28F9FCD60E}.Release|Any CPU.ActiveCfg = Release|Any CPU
		{F33DF23D-7E59-4C6B-BA15-4B28F9FCD60E}.Release|Any CPU.Build.0 = Release|Any CPU
	EndGlobalSection
	GlobalSection(SolutionProperties) = preSolution
		HideSolutionNode = FALSE
	EndGlobalSection
	GlobalSection(ExtensibilityGlobals) = postSolution
		SolutionGuid = {22BE0033-33F9-47C5-9E37-85E0BDDF77F7}
	EndGlobalSection
EndGlobal
